// !$*UTF8*$!
{
	archiveVersion = 1;
	classes = {
	};
	objectVersion = 50;
	objects = {

/* Begin PBXBuildFile section */
		46BCCDB423993EB60019E7BE /* AppDelegate.swift in Sources */ = {isa = PBXBuildFile; fileRef = 46BCCDB323993EB60019E7BE /* AppDelegate.swift */; };
		46BCCDB623993EB60019E7BE /* SceneDelegate.swift in Sources */ = {isa = PBXBuildFile; fileRef = 46BCCDB523993EB60019E7BE /* SceneDelegate.swift */; };
		46BCCDB823993EB60019E7BE /* ViewController.swift in Sources */ = {isa = PBXBuildFile; fileRef = 46BCCDB723993EB60019E7BE /* ViewController.swift */; };
		46BCCDBB23993EB60019E7BE /* Main.storyboard in Resources */ = {isa = PBXBuildFile; fileRef = 46BCCDB923993EB60019E7BE /* Main.storyboard */; };
		46BCCDBD23993EB70019E7BE /* Assets.xcassets in Resources */ = {isa = PBXBuildFile; fileRef = 46BCCDBC23993EB70019E7BE /* Assets.xcassets */; };
		46BCCDC023993EB70019E7BE /* LaunchScreen.storyboard in Resources */ = {isa = PBXBuildFile; fileRef = 46BCCDBE23993EB70019E7BE /* LaunchScreen.storyboard */; };
		46BCCDC82399429F0019E7BE /* TableViewController.swift in Sources */ = {isa = PBXBuildFile; fileRef = 46BCCDC72399429F0019E7BE /* TableViewController.swift */; };
/* End PBXBuildFile section */

/* Begin PBXFileReference section */
		46BCCDB023993EB60019E7BE /* Mock app Test Category Kiok.app */ = {isa = PBXFileReference; explicitFileType = wrapper.application; includeInIndex = 0; path = "Mock app Test Category Kiok.app"; sourceTree = BUILT_PRODUCTS_DIR; };
		46BCCDB323993EB60019E7BE /* AppDelegate.swift */ = {isa = PBXFileReference; lastKnownFileType = sourcecode.swift; path = AppDelegate.swift; sourceTree = "<group>"; };
		46BCCDB523993EB60019E7BE /* SceneDelegate.swift */ = {isa = PBXFileReference; lastKnownFileType = sourcecode.swift; path = SceneDelegate.swift; sourceTree = "<group>"; };
		46BCCDB723993EB60019E7BE /* ViewController.swift */ = {isa = PBXFileReference; lastKnownFileType = sourcecode.swift; path = ViewController.swift; sourceTree = "<group>"; };
		46BCCDBA23993EB60019E7BE /* Base */ = {isa = PBXFileReference; lastKnownFileType = file.storyboard; name = Base; path = Base.lproj/Main.storyboard; sourceTree = "<group>"; };
		46BCCDBC23993EB70019E7BE /* Assets.xcassets */ = {isa = PBXFileReference; lastKnownFileType = folder.assetcatalog; path = Assets.xcassets; sourceTree = "<group>"; };
		46BCCDBF23993EB70019E7BE /* Base */ = {isa = PBXFileReference; lastKnownFileType = file.storyboard; name = Base; path = Base.lproj/LaunchScreen.storyboard; sourceTree = "<group>"; };
		46BCCDC123993EB70019E7BE /* Info.plist */ = {isa = PBXFileReference; lastKnownFileType = text.plist.xml; path = Info.plist; sourceTree = "<group>"; };
		46BCCDC72399429F0019E7BE /* TableViewController.swift */ = {isa = PBXFileReference; lastKnownFileType = sourcecode.swift; path = TableViewController.swift; sourceTree = "<group>"; };
/* End PBXFileReference section */

/* Begin PBXFrameworksBuildPhase section */
		46BCCDAD23993EB60019E7BE /* Frameworks */ = {
			isa = PBXFrameworksBuildPhase;
			buildActionMask = 2147483647;
			files = (
			);
			runOnlyForDeploymentPostprocessing = 0;
		};
/* End PBXFrameworksBuildPhase section */

/* Begin PBXGroup section */
		46BCCDA723993EB60019E7BE = {
			isa = PBXGroup;
			children = (
				46BCCDB223993EB60019E7BE /* Mock app Test Category Kiok */,
				46BCCDB123993EB60019E7BE /* Products */,
			);
			sourceTree = "<group>";
		};
		46BCCDB123993EB60019E7BE /* Products */ = {
			isa = PBXGroup;
			children = (
				46BCCDB023993EB60019E7BE /* Mock app Test Category Kiok.app */,
			);
			name = Products;
			sourceTree = "<group>";
		};
		46BCCDB223993EB60019E7BE /* Mock app Test Category Kiok */ = {
			isa = PBXGroup;
			children = (
				46BCCDB323993EB60019E7BE /* AppDelegate.swift */,
				46BCCDB523993EB60019E7BE /* SceneDelegate.swift */,
				46BCCDB723993EB60019E7BE /* ViewController.swift */,
				46BCCDB923993EB60019E7BE /* Main.storyboard */,
				46BCCDC72399429F0019E7BE /* TableViewController.swift */,
				46BCCDBC23993EB70019E7BE /* Assets.xcassets */,
				46BCCDBE23993EB70019E7BE /* LaunchScreen.storyboard */,
				46BCCDC123993EB70019E7BE /* Info.plist */,
			);
			path = "Mock app Test Category Kiok";
			sourceTree = "<group>";
		};
/* End PBXGroup section */

/* Begin PBXNativeTarget section */
		46BCCDAF23993EB60019E7BE /* Mock app Test Category Kiok */ = {
			isa = PBXNativeTarget;
			buildConfigurationList = 46BCCDC423993EB70019E7BE /* Build configuration list for PBXNativeTarget "Mock app Test Category Kiok" */;
			buildPhases = (
				46BCCDAC23993EB60019E7BE /* Sources */,
				46BCCDAD23993EB60019E7BE /* Frameworks */,
				46BCCDAE23993EB60019E7BE /* Resources */,
			);
			buildRules = (
			);
			dependencies = (
			);
			name = "Mock app Test Category Kiok";
			productName = "Mock app Test Category Kiok";
			productReference = 46BCCDB023993EB60019E7BE /* Mock app Test Category Kiok.app */;
			productType = "com.apple.product-type.application";
		};
/* End PBXNativeTarget section */

/* Begin PBXProject section */
		46BCCDA823993EB60019E7BE /* Project object */ = {
			isa = PBXProject;
			attributes = {
				LastSwiftUpdateCheck = 1120;
				LastUpgradeCheck = 1120;
				ORGANIZATIONNAME = DevelopItSolutions;
				TargetAttributes = {
					46BCCDAF23993EB60019E7BE = {
						CreatedOnToolsVersion = 11.2.1;
					};
				};
			};
			buildConfigurationList = 46BCCDAB23993EB60019E7BE /* Build configuration list for PBXProject "Mock app Test Category Kiok" */;
			compatibilityVersion = "Xcode 9.3";
			developmentRegion = en;
			hasScannedForEncodings = 0;
			knownRegions = (
				en,
				Base,
			);
			mainGroup = 46BCCDA723993EB60019E7BE;
			productRefGroup = 46BCCDB123993EB60019E7BE /* Products */;
			projectDirPath = "";
			projectRoot = "";
			targets = (
				46BCCDAF23993EB60019E7BE /* Mock app Test Category Kiok */,
			);
		};
/* End PBXProject section */

/* Begin PBXResourcesBuildPhase section */
		46BCCDAE23993EB60019E7BE /* Resources */ = {
			isa = PBXResourcesBuildPhase;
			buildActionMask = 2147483647;
			files = (
				46BCCDC023993EB70019E7BE /* LaunchScreen.storyboard in Resources */,
				46BCCDBD23993EB70019E7BE /* Assets.xcassets in Resources */,
				46BCCDBB23993EB60019E7BE /* Main.storyboard in Resources */,
			);
			runOnlyForDeploymentPostprocessing = 0;
		};
/* End PBXResourcesBuildPhase section */

/* Begin PBXSourcesBuildPhase section */
		46BCCDAC23993EB60019E7BE /* Sources */ = {
			isa = PBXSourcesBuildPhase;
			buildActionMask = 2147483647;
			files = (
				46BCCDB823993EB60019E7BE /* ViewController.swift in Sources */,
				46BCCDB423993EB60019E7BE /* AppDelegate.swift in Sources */,
				46BCCDB623993EB60019E7BE /* SceneDelegate.swift in Sources */,
				46BCCDC82399429F0019E7BE /* TableViewController.swift in Sources */,
			);
			runOnlyForDeploymentPostprocessing = 0;
		};
/* End PBXSourcesBuildPhase section */

/* Begin PBXVariantGroup section */
		46BCCDB923993EB60019E7BE /* Main.storyboard */ = {
			isa = PBXVariantGroup;
			children = (
				46BCCDBA23993EB60019E7BE /* Base */,
			);
			name = Main.storyboard;
			sourceTree = "<group>";
		};
		46BCCDBE23993EB70019E7BE /* LaunchScreen.storyboard */ = {
			isa = PBXVariantGroup;
			children = (
				46BCCDBF23993EB70019E7BE /* Base */,
			);
			name = LaunchScreen.storyboard;
			sourceTree = "<group>";
		};
/* End PBXVariantGroup section */

/* Begin XCBuildConfiguration section */
		46BCCDC223993EB70019E7BE /* Debug */ = {
			isa = XCBuildConfiguration;
			buildSettings = {
				ALWAYS_SEARCH_USER_PATHS = NO;
				CLANG_ANALYZER_NONNULL = YES;
				CLANG_ANALYZER_NUMBER_OBJECT_CONVERSION = YES_AGGRESSIVE;
				CLANG_CXX_LANGUAGE_STANDARD = "gnu++14";
				CLANG_CXX_LIBRARY = "libc++";
				CLANG_ENABLE_MODULES = YES;
				CLANG_ENABLE_OBJC_ARC = YES;
				CLANG_ENABLE_OBJC_WEAK = YES;
				CLANG_WARN_BLOCK_CAPTURE_AUTORELEASING = YES;
				CLANG_WARN_BOOL_CONVERSION = YES;
				CLANG_WARN_COMMA = YES;
				CLANG_WARN_CONSTANT_CONVERSION = YES;
				CLANG_WARN_DEPRECATED_OBJC_IMPLEMENTATIONS = YES;
				CLANG_WARN_DIRECT_OBJC_ISA_USAGE = YES_ERROR;
				CLANG_WARN_DOCUMENTATION_COMMENTS = YES;
				CLANG_WARN_EMPTY_BODY = YES;
				CLANG_WARN_ENUM_CONVERSION = YES;
				CLANG_WARN_INFINITE_RECURSION = YES;
				CLANG_WARN_INT_CONVERSION = YES;
				CLANG_WARN_NON_LITERAL_NULL_CONVERSION = YES;
				CLANG_WARN_OBJC_IMPLICIT_RETAIN_SELF = YES;
				CLANG_WARN_OBJC_LITERAL_CONVERSION = YES;
				CLANG_WARN_OBJC_ROOT_CLASS = YES_ERROR;
				CLANG_WARN_RANGE_LOOP_ANALYSIS = YES;
				CLANG_WARN_STRICT_PROTOTYPES = YES;
				CLANG_WARN_SUSPICIOUS_MOVE = YES;
				CLANG_WARN_UNGUARDED_AVAILABILITY = YES_AGGRESSIVE;
				CLANG_WARN_UNREACHABLE_CODE = YES;
				CLANG_WARN__DUPLICATE_METHOD_MATCH = YES;
				COPY_PHASE_STRIP = NO;
				DEBUG_INFORMATION_FORMAT = dwarf;
				ENABLE_STRICT_OBJC_MSGSEND = YES;
				ENABLE_TESTABILITY = YES;
				GCC_C_LANGUAGE_STANDARD = gnu11;
				GCC_DYNAMIC_NO_PIC = NO;
				GCC_NO_COMMON_BLOCKS = YES;
				GCC_OPTIMIZATION_LEVEL = 0;
				GCC_PREPROCESSOR_DEFINITIONS = (
					"DEBUG=1",
					"$(inherited)",
				);
				GCC_WARN_64_TO_32_BIT_CONVERSION = YES;
				GCC_WARN_ABOUT_RETURN_TYPE = YES_ERROR;
				GCC_WARN_UNDECLARED_SELECTOR = YES;
				GCC_WARN_UNINITIALIZED_AUTOS = YES_AGGRESSIVE;
				GCC_WARN_UNUSED_FUNCTION = YES;
				GCC_WARN_UNUSED_VARIABLE = YES;
				IPHONEOS_DEPLOYMENT_TARGET = 13.2;
				MTL_ENABLE_DEBUG_INFO = INCLUDE_SOURCE;
				MTL_FAST_MATH = YES;
				ONLY_ACTIVE_ARCH = YES;
				SDKROOT = iphoneos;
				SWIFT_ACTIVE_COMPILATION_CONDITIONS = DEBUG;
				SWIFT_OPTIMIZATION_LEVEL = "-Onone";
			};
			name = Debug;
		};
		46BCCDC323993EB70019E7BE /* Release */ = {
			isa = XCBuildConfiguration;
			buildSettings = {
				ALWAYS_SEARCH_USER_PATHS = NO;
				CLANG_ANALYZER_NONNULL = YES;
				CLANG_ANALYZER_NUMBER_OBJECT_CONVERSION = YES_AGGRESSIVE;
				CLANG_CXX_LANGUAGE_STANDARD = "gnu++14";
				CLANG_CXX_LIBRARY = "libc++";
				CLANG_ENABLE_MODULES = YES;
				CLANG_ENABLE_OBJC_ARC = YES;
				CLANG_ENABLE_OBJC_WEAK = YES;
				CLANG_WARN_BLOCK_CAPTURE_AUTORELEASING = YES;
				CLANG_WARN_BOOL_CONVERSION = YES;
				CLANG_WARN_COMMA = YES;
				CLANG_WARN_CONSTANT_CONVERSION = YES;
				CLANG_WARN_DEPRECATED_OBJC_IMPLEMENTATIONS = YES;
				CLANG_WARN_DIRECT_OBJC_ISA_USAGE = YES_ERROR;
				CLANG_WARN_DOCUMENTATION_COMMENTS = YES;
				CLANG_WARN_EMPTY_BODY = YES;
				CLANG_WARN_ENUM_CONVERSION = YES;
				CLANG_WARN_INFINITE_RECURSION = YES;
				CLANG_WARN_INT_CONVERSION = YES;
				CLANG_WARN_NON_LITERAL_NULL_CONVERSION = YES;
				CLANG_WARN_OBJC_IMPLICIT_RETAIN_SELF = YES;
				CLANG_WARN_OBJC_LITERAL_CONVERSION = YES;
				CLANG_WARN_OBJC_ROOT_CLASS = YES_ERROR;
				CLANG_WARN_RANGE_LOOP_ANALYSIS = YES;
				CLANG_WARN_STRICT_PROTOTYPES = YES;
				CLANG_WARN_SUSPICIOUS_MOVE = YES;
				CLANG_WARN_UNGUARDED_AVAILABILITY = YES_AGGRESSIVE;
				CLANG_WARN_UNREACHABLE_CODE = YES;
				CLANG_WARN__DUPLICATE_METHOD_MATCH = YES;
				COPY_PHASE_STRIP = NO;
				DEBUG_INFORMATION_FORMAT = "dwarf-with-dsym";
				ENABLE_NS_ASSERTIONS = NO;
				ENABLE_STRICT_OBJC_MSGSEND = YES;
				GCC_C_LANGUAGE_STANDARD = gnu11;
				GCC_NO_COMMON_BLOCKS = YES;
				GCC_WARN_64_TO_32_BIT_CONVERSION = YES;
				GCC_WARN_ABOUT_RETURN_TYPE = YES_ERROR;
				GCC_WARN_UNDECLARED_SELECTOR = YES;
				GCC_WARN_UNINITIALIZED_AUTOS = YES_AGGRESSIVE;
				GCC_WARN_UNUSED_FUNCTION = YES;
				GCC_WARN_UNUSED_VARIABLE = YES;
				IPHONEOS_DEPLOYMENT_TARGET = 13.2;
				MTL_ENABLE_DEBUG_INFO = NO;
				MTL_FAST_MATH = YES;
				SDKROOT = iphoneos;
				SWIFT_COMPILATION_MODE = wholemodule;
				SWIFT_OPTIMIZATION_LEVEL = "-O";
				VALIDATE_PRODUCT = YES;
			};
			name = Release;
		};
		46BCCDC523993EB70019E7BE /* Debug */ = {
			isa = XCBuildConfiguration;
			buildSettings = {
				ASSETCATALOG_COMPILER_APPICON_NAME = AppIcon;
				CODE_SIGN_STYLE = Automatic;
				DEVELOPMENT_TEAM = MZ552MTEJZ;
				INFOPLIST_FILE = "Mock app Test Category Kiok/Info.plist";
				LD_RUNPATH_SEARCH_PATHS = (
					"$(inherited)",
					"@executable_path/Frameworks",
				);
				PRODUCT_BUNDLE_IDENTIFIER = "com.developItSolutions.Mock-app-Test-Category-Kiok";
				PRODUCT_NAME = "$(TARGET_NAME)";
				SWIFT_VERSION = 5.0;
				TARGETED_DEVICE_FAMILY = "1,2";
			};
			name = Debug;
		};
		46BCCDC623993EB70019E7BE /* Release */ = {
			isa = XCBuildConfiguration;
			buildSettings = {
				ASSETCATALOG_COMPILER_APPICON_NAME = AppIcon;
				CODE_SIGN_STYLE = Automatic;
				DEVELOPMENT_TEAM = MZ552MTEJZ;
				INFOPLIST_FILE = "Mock app Test Category Kiok/Info.plist";
				LD_RUNPATH_SEARCH_PATHS = (
					"$(inherited)",
					"@executable_path/Frameworks",
				);
				PRODUCT_BUNDLE_IDENTIFIER = "com.developItSolutions.Mock-app-Test-Category-Kiok";
				PRODUCT_NAME = "$(TARGET_NAME)";
				SWIFT_VERSION = 5.0;
				TARGETED_DEVICE_FAMILY = "1,2";
			};
			name = Release;
		};
/* End XCBuildConfiguration section */

/* Begin XCConfigurationList section */
		46BCCDAB23993EB60019E7BE /* Build configuration list for PBXProject "Mock app Test Category Kiok" */ = {
			isa = XCConfigurationList;
			buildConfigurations = (
				46BCCDC223993EB70019E7BE /* Debug */,
				46BCCDC323993EB70019E7BE /* Release */,
			);
			defaultConfigurationIsVisible = 0;
			defaultConfigurationName = Release;
		};
		46BCCDC423993EB70019E7BE /* Build configuration list for PBXNativeTarget "Mock app Test Category Kiok" */ = {
			isa = XCConfigurationList;
			buildConfigurations = (
				46BCCDC523993EB70019E7BE /* Debug */,
				46BCCDC623993EB70019E7BE /* Release */,
			);
			defaultConfigurationIsVisible = 0;
			defaultConfigurationName = Release;
		};
/* End XCConfigurationList section */
	};
	rootObject = 46BCCDA823993EB60019E7BE /* Project object */;
}
